
Microsoft Visual Studio Solution File, Format Version 12.00
# Visual Studio Version 16
VisualStudioVersion = 16.0.29609.76
MinimumVisualStudioVersion = 10.0.40219.1
Project("{FAE04EC0-301F-11D3-BF4B-00C04F79EFBC}") = "AudioDeviceManager", "AudioManager\AudioDeviceManager.csproj", "{58268E7F-C6CB-48B6-834B-6B68287ECC6A}"
EndProject
Global
	GlobalSection(SolutionConfigurationPlatforms) = preSolution
		Debug|Any CPU = Debug|Any CPU
		Release|Any CPU = Release|Any CPU
	EndGlobalSection
	GlobalSection(ProjectConfigurationPlatforms) = postSolution
		{58268E7F-C6CB-48B6-834B-6B68287ECC6A}.Debug|Any CPU.ActiveCfg = Debug|Any CPU
		{58268E7F-C6CB-48B6-834B-6B68287ECC6A}.Debug|Any CPU.Build.0 = Debug|Any CPU
		{58268E7F-C6CB-48B6-834B-6B68287ECC6A}.Release|Any CPU.ActiveCfg = Release|Any CPU
		{58268E7F-C6CB-48B6-834B-6B68287ECC6A}.Release|Any CPU.Build.0 = Release|Any CPU
	EndGlobalSection
	GlobalSection(SolutionProperties) = preSolution
		HideSolutionNode = FALSE
	EndGlobalSection
	GlobalSection(ExtensibilityGlobals) = postSolution
		SolutionGuid = {B0D3EBAB-471D-4A31-B094-B0C6F04BD4E4}
	EndGlobalSection
EndGlobal
